
Microsoft Visual Studio Solution File, Format Version 12.00
# Visual Studio Version 16
VisualStudioVersion = 16.0.31410.357
MinimumVisualStudioVersion = 10.0.40219.1
Project("{FAE04EC0-301F-11D3-BF4B-00C04F79EFBC}") = "CafeUI", "CafeUI\CafeUI.csproj", "{3873596E-6541-49B9-8EAE-0F52ABB8621F}"
EndProject
Global
	GlobalSection(SolutionConfigurationPlatforms) = preSolution
		Debug|Any CPU = Debug|Any CPU
		Release|Any CPU = Release|Any CPU
	EndGlobalSection
	GlobalSection(ProjectConfigurationPlatforms) = postSolution
		{3873596E-6541-49B9-8EAE-0F52ABB8621F}.Debug|Any CPU.ActiveCfg = Debug|Any CPU
		{3873596E-6541-49B9-8EAE-0F52ABB8621F}.Debug|Any CPU.Build.0 = Debug|Any CPU
		{3873596E-6541-49B9-8EAE-0F52ABB8621F}.Release|Any CPU.ActiveCfg = Release|Any CPU
		{3873596E-6541-49B9-8EAE-0F52ABB8621F}.Release|Any CPU.Build.0 = Release|Any CPU
	EndGlobalSection
	GlobalSection(SolutionProperties) = preSolution
		HideSolutionNode = FALSE
	EndGlobalSection
	GlobalSection(ExtensibilityGlobals) = postSolution
		SolutionGuid = {AFC2B96A-CAFC-490D-B447-446C729EBCD5}
	EndGlobalSection
EndGlobal
