
Microsoft Visual Studio Solution File, Format Version 12.00
# Visual Studio Version 16
VisualStudioVersion = 16.0.31410.357
MinimumVisualStudioVersion = 10.0.40219.1
Project("{FAE04EC0-301F-11D3-BF4B-00C04F79EFBC}") = "CafeUI", "CafeUI\CafeUI.csproj", "{3873596E-6541-49B9-8EAE-0F52ABB8621F}"
EndProject
Project("{FAE04EC0-301F-11D3-BF4B-00C04F79EFBC}") = "CafePOCO", "CafePOCO\CafePOCO.csproj", "{1696181C-5743-4975-A062-48266D02BA51}"
EndProject
Project("{FAE04EC0-301F-11D3-BF4B-00C04F79EFBC}") = "CafeRepository", "CafeRepository\CafeRepository.csproj", "{6E7AED58-CDF4-4B70-801B-882894910B81}"
EndProject
Project("{FAE04EC0-301F-11D3-BF4B-00C04F79EFBC}") = "CafeUnitTest", "CafeUnitTest\CafeUnitTest.csproj", "{7915091D-C12D-4D05-8E17-793132434B35}"
EndProject
Project("{FAE04EC0-301F-11D3-BF4B-00C04F79EFBC}") = "2-ClaimsUI", "2-ClaimsUI\2-ClaimsUI.csproj", "{A1F85D35-B144-424D-8CA8-670B0B15A39C}"
EndProject
Project("{FAE04EC0-301F-11D3-BF4B-00C04F79EFBC}") = "2-ClaimsPOCO", "2-ClaimsPOCO\2-ClaimsPOCO.csproj", "{4D3C675C-ABAA-4A44-9E42-CBF54310D379}"
EndProject
Project("{FAE04EC0-301F-11D3-BF4B-00C04F79EFBC}") = "2-ClaimsRepository", "2-ClaimsRepository\2-ClaimsRepository.csproj", "{00D71664-E236-45BE-94F9-AE0A665F6B7B}"
EndProject
Project("{FAE04EC0-301F-11D3-BF4B-00C04F79EFBC}") = "2-ClaimsUnitTest", "2-ClaimsUnitTest\2-ClaimsUnitTest.csproj", "{7CEB0DFD-C180-45ED-8973-1AB7964E43F5}"
EndProject
Project("{FAE04EC0-301F-11D3-BF4B-00C04F79EFBC}") = "3-BadgesUI", "3-BadgesUI\3-BadgesUI.csproj", "{7695C7C0-A072-4527-AF9E-C992F556D6CF}"
EndProject
Project("{FAE04EC0-301F-11D3-BF4B-00C04F79EFBC}") = "3-BadgesPOCO", "3-BadgesPOCO\3-BadgesPOCO.csproj", "{EE65D435-E39B-48ED-B2C2-CE69234CFB91}"
EndProject
Project("{FAE04EC0-301F-11D3-BF4B-00C04F79EFBC}") = "3-BadgesRepository", "3-BadgesRepository\3-BadgesRepository.csproj", "{8F6BB504-2527-4D95-A087-F822296D9BD0}"
EndProject
Project("{FAE04EC0-301F-11D3-BF4B-00C04F79EFBC}") = "3-BadgesUnitTest", "3-BadgesUnitTest\3-BadgesUnitTest.csproj", "{F17D319F-E35E-43DA-A688-FEA4D4F6A45A}"
EndProject
Project("{FAE04EC0-301F-11D3-BF4B-00C04F79EFBC}") = "4-CompanyOutings", "4-CompanyOutings\4-CompanyOutings.csproj", "{59212E24-DD61-404D-A2B0-4214325BAC54}"
EndProject
Project("{FAE04EC0-301F-11D3-BF4B-00C04F79EFBC}") = "4-CompanyOutingsRepo", "4-CompanyOutingsRepo\4-CompanyOutingsRepo.csproj", "{52772669-D8D6-419E-8F80-B76A420A2078}"
EndProject
Project("{FAE04EC0-301F-11D3-BF4B-00C04F79EFBC}") = "4-CompanyOutingsPOCO", "4-CompanyOutingsPOCO\4-CompanyOutingsPOCO.csproj", "{FE085FAC-DCD5-4AF9-BAEC-FAF8C93071B6}"
EndProject
Project("{FAE04EC0-301F-11D3-BF4B-00C04F79EFBC}") = "4-CompanyOutingsTest", "4-CompanyOutingsTest\4-CompanyOutingsTest.csproj", "{8F25D159-ED33-4DBE-9B8B-356C60E0D6D5}"
EndProject
Global
	GlobalSection(SolutionConfigurationPlatforms) = preSolution
		Debug|Any CPU = Debug|Any CPU
		Release|Any CPU = Release|Any CPU
	EndGlobalSection
	GlobalSection(ProjectConfigurationPlatforms) = postSolution
		{3873596E-6541-49B9-8EAE-0F52ABB8621F}.Debug|Any CPU.ActiveCfg = Debug|Any CPU
		{3873596E-6541-49B9-8EAE-0F52ABB8621F}.Debug|Any CPU.Build.0 = Debug|Any CPU
		{3873596E-6541-49B9-8EAE-0F52ABB8621F}.Release|Any CPU.ActiveCfg = Release|Any CPU
		{3873596E-6541-49B9-8EAE-0F52ABB8621F}.Release|Any CPU.Build.0 = Release|Any CPU
		{1696181C-5743-4975-A062-48266D02BA51}.Debug|Any CPU.ActiveCfg = Debug|Any CPU
		{1696181C-5743-4975-A062-48266D02BA51}.Debug|Any CPU.Build.0 = Debug|Any CPU
		{1696181C-5743-4975-A062-48266D02BA51}.Release|Any CPU.ActiveCfg = Release|Any CPU
		{1696181C-5743-4975-A062-48266D02BA51}.Release|Any CPU.Build.0 = Release|Any CPU
		{6E7AED58-CDF4-4B70-801B-882894910B81}.Debug|Any CPU.ActiveCfg = Debug|Any CPU
		{6E7AED58-CDF4-4B70-801B-882894910B81}.Debug|Any CPU.Build.0 = Debug|Any CPU
		{6E7AED58-CDF4-4B70-801B-882894910B81}.Release|Any CPU.ActiveCfg = Release|Any CPU
		{6E7AED58-CDF4-4B70-801B-882894910B81}.Release|Any CPU.Build.0 = Release|Any CPU
		{7915091D-C12D-4D05-8E17-793132434B35}.Debug|Any CPU.ActiveCfg = Debug|Any CPU
		{7915091D-C12D-4D05-8E17-793132434B35}.Debug|Any CPU.Build.0 = Debug|Any CPU
		{7915091D-C12D-4D05-8E17-793132434B35}.Release|Any CPU.ActiveCfg = Release|Any CPU
		{7915091D-C12D-4D05-8E17-793132434B35}.Release|Any CPU.Build.0 = Release|Any CPU
		{A1F85D35-B144-424D-8CA8-670B0B15A39C}.Debug|Any CPU.ActiveCfg = Debug|Any CPU
		{A1F85D35-B144-424D-8CA8-670B0B15A39C}.Debug|Any CPU.Build.0 = Debug|Any CPU
		{A1F85D35-B144-424D-8CA8-670B0B15A39C}.Release|Any CPU.ActiveCfg = Release|Any CPU
		{A1F85D35-B144-424D-8CA8-670B0B15A39C}.Release|Any CPU.Build.0 = Release|Any CPU
		{4D3C675C-ABAA-4A44-9E42-CBF54310D379}.Debug|Any CPU.ActiveCfg = Debug|Any CPU
		{4D3C675C-ABAA-4A44-9E42-CBF54310D379}.Debug|Any CPU.Build.0 = Debug|Any CPU
		{4D3C675C-ABAA-4A44-9E42-CBF54310D379}.Release|Any CPU.ActiveCfg = Release|Any CPU
		{4D3C675C-ABAA-4A44-9E42-CBF54310D379}.Release|Any CPU.Build.0 = Release|Any CPU
		{00D71664-E236-45BE-94F9-AE0A665F6B7B}.Debug|Any CPU.ActiveCfg = Debug|Any CPU
		{00D71664-E236-45BE-94F9-AE0A665F6B7B}.Debug|Any CPU.Build.0 = Debug|Any CPU
		{00D71664-E236-45BE-94F9-AE0A665F6B7B}.Release|Any CPU.ActiveCfg = Release|Any CPU
		{00D71664-E236-45BE-94F9-AE0A665F6B7B}.Release|Any CPU.Build.0 = Release|Any CPU
		{7CEB0DFD-C180-45ED-8973-1AB7964E43F5}.Debug|Any CPU.ActiveCfg = Debug|Any CPU
		{7CEB0DFD-C180-45ED-8973-1AB7964E43F5}.Debug|Any CPU.Build.0 = Debug|Any CPU
		{7CEB0DFD-C180-45ED-8973-1AB7964E43F5}.Release|Any CPU.ActiveCfg = Release|Any CPU
		{7CEB0DFD-C180-45ED-8973-1AB7964E43F5}.Release|Any CPU.Build.0 = Release|Any CPU
		{7695C7C0-A072-4527-AF9E-C992F556D6CF}.Debug|Any CPU.ActiveCfg = Debug|Any CPU
		{7695C7C0-A072-4527-AF9E-C992F556D6CF}.Debug|Any CPU.Build.0 = Debug|Any CPU
		{7695C7C0-A072-4527-AF9E-C992F556D6CF}.Release|Any CPU.ActiveCfg = Release|Any CPU
		{7695C7C0-A072-4527-AF9E-C992F556D6CF}.Release|Any CPU.Build.0 = Release|Any CPU
		{EE65D435-E39B-48ED-B2C2-CE69234CFB91}.Debug|Any CPU.ActiveCfg = Debug|Any CPU
		{EE65D435-E39B-48ED-B2C2-CE69234CFB91}.Debug|Any CPU.Build.0 = Debug|Any CPU
		{EE65D435-E39B-48ED-B2C2-CE69234CFB91}.Release|Any CPU.ActiveCfg = Release|Any CPU
		{EE65D435-E39B-48ED-B2C2-CE69234CFB91}.Release|Any CPU.Build.0 = Release|Any CPU
		{8F6BB504-2527-4D95-A087-F822296D9BD0}.Debug|Any CPU.ActiveCfg = Debug|Any CPU
		{8F6BB504-2527-4D95-A087-F822296D9BD0}.Debug|Any CPU.Build.0 = Debug|Any CPU
		{8F6BB504-2527-4D95-A087-F822296D9BD0}.Release|Any CPU.ActiveCfg = Release|Any CPU
		{8F6BB504-2527-4D95-A087-F822296D9BD0}.Release|Any CPU.Build.0 = Release|Any CPU
		{F17D319F-E35E-43DA-A688-FEA4D4F6A45A}.Debug|Any CPU.ActiveCfg = Debug|Any CPU
		{F17D319F-E35E-43DA-A688-FEA4D4F6A45A}.Debug|Any CPU.Build.0 = Debug|Any CPU
		{F17D319F-E35E-43DA-A688-FEA4D4F6A45A}.Release|Any CPU.ActiveCfg = Release|Any CPU
		{F17D319F-E35E-43DA-A688-FEA4D4F6A45A}.Release|Any CPU.Build.0 = Release|Any CPU
		{59212E24-DD61-404D-A2B0-4214325BAC54}.Debug|Any CPU.ActiveCfg = Debug|Any CPU
		{59212E24-DD61-404D-A2B0-4214325BAC54}.Debug|Any CPU.Build.0 = Debug|Any CPU
		{59212E24-DD61-404D-A2B0-4214325BAC54}.Release|Any CPU.ActiveCfg = Release|Any CPU
		{59212E24-DD61-404D-A2B0-4214325BAC54}.Release|Any CPU.Build.0 = Release|Any CPU
		{52772669-D8D6-419E-8F80-B76A420A2078}.Debug|Any CPU.ActiveCfg = Debug|Any CPU
		{52772669-D8D6-419E-8F80-B76A420A2078}.Debug|Any CPU.Build.0 = Debug|Any CPU
		{52772669-D8D6-419E-8F80-B76A420A2078}.Release|Any CPU.ActiveCfg = Release|Any CPU
		{52772669-D8D6-419E-8F80-B76A420A2078}.Release|Any CPU.Build.0 = Release|Any CPU
		{FE085FAC-DCD5-4AF9-BAEC-FAF8C93071B6}.Debug|Any CPU.ActiveCfg = Debug|Any CPU
		{FE085FAC-DCD5-4AF9-BAEC-FAF8C93071B6}.Debug|Any CPU.Build.0 = Debug|Any CPU
		{FE085FAC-DCD5-4AF9-BAEC-FAF8C93071B6}.Release|Any CPU.ActiveCfg = Release|Any CPU
		{FE085FAC-DCD5-4AF9-BAEC-FAF8C93071B6}.Release|Any CPU.Build.0 = Release|Any CPU
		{8F25D159-ED33-4DBE-9B8B-356C60E0D6D5}.Debug|Any CPU.ActiveCfg = Debug|Any CPU
		{8F25D159-ED33-4DBE-9B8B-356C60E0D6D5}.Debug|Any CPU.Build.0 = Debug|Any CPU
		{8F25D159-ED33-4DBE-9B8B-356C60E0D6D5}.Release|Any CPU.ActiveCfg = Release|Any CPU
		{8F25D159-ED33-4DBE-9B8B-356C60E0D6D5}.Release|Any CPU.Build.0 = Release|Any CPU
	EndGlobalSection
	GlobalSection(SolutionProperties) = preSolution
		HideSolutionNode = FALSE
	EndGlobalSection
	GlobalSection(ExtensibilityGlobals) = postSolution
		SolutionGuid = {AFC2B96A-CAFC-490D-B447-446C729EBCD5}
	EndGlobalSection
EndGlobal
